
Microsoft Visual Studio Solution File, Format Version 12.00
# Visual Studio Version 17
VisualStudioVersion = 17.0.31903.59
MinimumVisualStudioVersion = 10.0.40219.1
Project("{FAE04EC0-301F-11D3-BF4B-00C04F79EFBC}") = "UserAgents", "UserAgents\UserAgents.csproj", "{3457C20E-39B9-4455-9400-728A827921C6}"
EndProject
Project("{FAE04EC0-301F-11D3-BF4B-00C04F79EFBC}") = "UserAgents.Tests", "UserAgents.Tests\UserAgents.Tests.csproj", "{92A2E23C-24EB-422A-A784-E552A0E396E5}"
EndProject
Project("{FAE04EC0-301F-11D3-BF4B-00C04F79EFBC}") = "UserAgents.Console", "UserAgents.Console\UserAgents.Console.csproj", "{DD867FC2-61B0-4853-9CD5-B2FA9572E2F0}"
EndProject
Global
	GlobalSection(SolutionConfigurationPlatforms) = preSolution
		Debug|Any CPU = Debug|Any CPU
		Debug|x64 = Debug|x64
		Debug|x86 = Debug|x86
		Release|Any CPU = Release|Any CPU
		Release|x64 = Release|x64
		Release|x86 = Release|x86
	EndGlobalSection
	GlobalSection(ProjectConfigurationPlatforms) = postSolution
		{3457C20E-39B9-4455-9400-728A827921C6}.Debug|Any CPU.ActiveCfg = Debug|Any CPU
		{3457C20E-39B9-4455-9400-728A827921C6}.Debug|Any CPU.Build.0 = Debug|Any CPU
		{3457C20E-39B9-4455-9400-728A827921C6}.Debug|x64.ActiveCfg = Debug|Any CPU
		{3457C20E-39B9-4455-9400-728A827921C6}.Debug|x64.Build.0 = Debug|Any CPU
		{3457C20E-39B9-4455-9400-728A827921C6}.Debug|x86.ActiveCfg = Debug|Any CPU
		{3457C20E-39B9-4455-9400-728A827921C6}.Debug|x86.Build.0 = Debug|Any CPU
		{3457C20E-39B9-4455-9400-728A827921C6}.Release|Any CPU.ActiveCfg = Release|Any CPU
		{3457C20E-39B9-4455-9400-728A827921C6}.Release|Any CPU.Build.0 = Release|Any CPU
		{3457C20E-39B9-4455-9400-728A827921C6}.Release|x64.ActiveCfg = Release|Any CPU
		{3457C20E-39B9-4455-9400-728A827921C6}.Release|x64.Build.0 = Release|Any CPU
		{3457C20E-39B9-4455-9400-728A827921C6}.Release|x86.ActiveCfg = Release|Any CPU
		{3457C20E-39B9-4455-9400-728A827921C6}.Release|x86.Build.0 = Release|Any CPU
		{92A2E23C-24EB-422A-A784-E552A0E396E5}.Debug|Any CPU.ActiveCfg = Debug|Any CPU
		{92A2E23C-24EB-422A-A784-E552A0E396E5}.Debug|Any CPU.Build.0 = Debug|Any CPU
		{92A2E23C-24EB-422A-A784-E552A0E396E5}.Debug|x64.ActiveCfg = Debug|Any CPU
		{92A2E23C-24EB-422A-A784-E552A0E396E5}.Debug|x64.Build.0 = Debug|Any CPU
		{92A2E23C-24EB-422A-A784-E552A0E396E5}.Debug|x86.ActiveCfg = Debug|Any CPU
		{92A2E23C-24EB-422A-A784-E552A0E396E5}.Debug|x86.Build.0 = Debug|Any CPU
		{92A2E23C-24EB-422A-A784-E552A0E396E5}.Release|Any CPU.ActiveCfg = Release|Any CPU
		{92A2E23C-24EB-422A-A784-E552A0E396E5}.Release|Any CPU.Build.0 = Release|Any CPU
		{92A2E23C-24EB-422A-A784-E552A0E396E5}.Release|x64.ActiveCfg = Release|Any CPU
		{92A2E23C-24EB-422A-A784-E552A0E396E5}.Release|x64.Build.0 = Release|Any CPU
		{92A2E23C-24EB-422A-A784-E552A0E396E5}.Release|x86.ActiveCfg = Release|Any CPU
		{92A2E23C-24EB-422A-A784-E552A0E396E5}.Release|x86.Build.0 = Release|Any CPU
		{DD867FC2-61B0-4853-9CD5-B2FA9572E2F0}.Debug|Any CPU.ActiveCfg = Debug|Any CPU
		{DD867FC2-61B0-4853-9CD5-B2FA9572E2F0}.Debug|Any CPU.Build.0 = Debug|Any CPU
		{DD867FC2-61B0-4853-9CD5-B2FA9572E2F0}.Debug|x64.ActiveCfg = Debug|Any CPU
		{DD867FC2-61B0-4853-9CD5-B2FA9572E2F0}.Debug|x64.Build.0 = Debug|Any CPU
		{DD867FC2-61B0-4853-9CD5-B2FA9572E2F0}.Debug|x86.ActiveCfg = Debug|Any CPU
		{DD867FC2-61B0-4853-9CD5-B2FA9572E2F0}.Debug|x86.Build.0 = Debug|Any CPU
		{DD867FC2-61B0-4853-9CD5-B2FA9572E2F0}.Release|Any CPU.ActiveCfg = Release|Any CPU
		{DD867FC2-61B0-4853-9CD5-B2FA9572E2F0}.Release|Any CPU.Build.0 = Release|Any CPU
		{DD867FC2-61B0-4853-9CD5-B2FA9572E2F0}.Release|x64.ActiveCfg = Release|Any CPU
		{DD867FC2-61B0-4853-9CD5-B2FA9572E2F0}.Release|x64.Build.0 = Release|Any CPU
		{DD867FC2-61B0-4853-9CD5-B2FA9572E2F0}.Release|x86.ActiveCfg = Release|Any CPU
		{DD867FC2-61B0-4853-9CD5-B2FA9572E2F0}.Release|x86.Build.0 = Release|Any CPU
	EndGlobalSection
	GlobalSection(SolutionProperties) = preSolution
		HideSolutionNode = FALSE
	EndGlobalSection
	GlobalSection(ExtensibilityGlobals) = postSolution
		SolutionGuid = {54A0C4BF-326B-42E0-B523-AF95434119E5}
	EndGlobalSection
EndGlobal
